// !$*UTF8*$!
{
	archiveVersion = 1;
	classes = {
	};
	objectVersion = 46;
	objects = {

/* Begin PBXBuildFile section */
		A1A6501C1BAF22E000E97172 /* AppDelegate.swift in Sources */ = {isa = PBXBuildFile; fileRef = A1A6501B1BAF22E000E97172 /* AppDelegate.swift */; };
		A1A6501E1BAF22E000E97172 /* Document.swift in Sources */ = {isa = PBXBuildFile; fileRef = A1A6501D1BAF22E000E97172 /* Document.swift */; };
		A1A650211BAF22E000E97172 /* Document.xib in Resources */ = {isa = PBXBuildFile; fileRef = A1A6501F1BAF22E000E97172 /* Document.xib */; };
		A1A650231BAF22E000E97172 /* Assets.xcassets in Resources */ = {isa = PBXBuildFile; fileRef = A1A650221BAF22E000E97172 /* Assets.xcassets */; };
		A1A650261BAF22E000E97172 /* MainMenu.xib in Resources */ = {isa = PBXBuildFile; fileRef = A1A650241BAF22E000E97172 /* MainMenu.xib */; };
		A1A6502E1BAF236900E97172 /* Employee.swift in Sources */ = {isa = PBXBuildFile; fileRef = A1A6502D1BAF236900E97172 /* Employee.swift */; settings = {ASSET_TAGS = (); }; };
/* End PBXBuildFile section */

/* Begin PBXFileReference section */
		A1A650181BAF22E000E97172 /* RaiseMan.app */ = {isa = PBXFileReference; explicitFileType = wrapper.application; includeInIndex = 0; path = RaiseMan.app; sourceTree = BUILT_PRODUCTS_DIR; };
		A1A6501B1BAF22E000E97172 /* AppDelegate.swift */ = {isa = PBXFileReference; lastKnownFileType = sourcecode.swift; path = AppDelegate.swift; sourceTree = "<group>"; };
		A1A6501D1BAF22E000E97172 /* Document.swift */ = {isa = PBXFileReference; lastKnownFileType = sourcecode.swift; path = Document.swift; sourceTree = "<group>"; };
		A1A650201BAF22E000E97172 /* Base */ = {isa = PBXFileReference; lastKnownFileType = file.xib; name = Base; path = Base.lproj/Document.xib; sourceTree = "<group>"; };
		A1A650221BAF22E000E97172 /* Assets.xcassets */ = {isa = PBXFileReference; lastKnownFileType = folder.assetcatalog; path = Assets.xcassets; sourceTree = "<group>"; };
		A1A650251BAF22E000E97172 /* Base */ = {isa = PBXFileReference; lastKnownFileType = file.xib; name = Base; path = Base.lproj/MainMenu.xib; sourceTree = "<group>"; };
		A1A650271BAF22E000E97172 /* Info.plist */ = {isa = PBXFileReference; lastKnownFileType = text.plist.xml; path = Info.plist; sourceTree = "<group>"; };
		A1A6502D1BAF236900E97172 /* Employee.swift */ = {isa = PBXFileReference; fileEncoding = 4; lastKnownFileType = sourcecode.swift; path = Employee.swift; sourceTree = "<group>"; };
/* End PBXFileReference section */

/* Begin PBXFrameworksBuildPhase section */
		A1A650151BAF22DF00E97172 /* Frameworks */ = {
			isa = PBXFrameworksBuildPhase;
			buildActionMask = 2147483647;
			files = (
			);
			runOnlyForDeploymentPostprocessing = 0;
		};
/* End PBXFrameworksBuildPhase section */

/* Begin PBXGroup section */
		A1A6500F1BAF22DF00E97172 = {
			isa = PBXGroup;
			children = (
				A1A6501A1BAF22E000E97172 /* RaiseMan */,
				A1A650191BAF22E000E97172 /* Products */,
			);
			sourceTree = "<group>";
		};
		A1A650191BAF22E000E97172 /* Products */ = {
			isa = PBXGroup;
			children = (
				A1A650181BAF22E000E97172 /* RaiseMan.app */,
			);
			name = Products;
			sourceTree = "<group>";
		};
		A1A6501A1BAF22E000E97172 /* RaiseMan */ = {
			isa = PBXGroup;
			children = (
				A1A6502D1BAF236900E97172 /* Employee.swift */,
				A1A6501B1BAF22E000E97172 /* AppDelegate.swift */,
				A1A6501D1BAF22E000E97172 /* Document.swift */,
				A1A6501F1BAF22E000E97172 /* Document.xib */,
				A1A650221BAF22E000E97172 /* Assets.xcassets */,
				A1A650241BAF22E000E97172 /* MainMenu.xib */,
				A1A650271BAF22E000E97172 /* Info.plist */,
			);
			path = RaiseMan;
			sourceTree = "<group>";
		};
/* End PBXGroup section */

/* Begin PBXNativeTarget section */
		A1A650171BAF22DF00E97172 /* RaiseMan */ = {
			isa = PBXNativeTarget;
			buildConfigurationList = A1A6502A1BAF22E000E97172 /* Build configuration list for PBXNativeTarget "RaiseMan" */;
			buildPhases = (
				A1A650141BAF22DF00E97172 /* Sources */,
				A1A650151BAF22DF00E97172 /* Frameworks */,
				A1A650161BAF22DF00E97172 /* Resources */,
			);
			buildRules = (
			);
			dependencies = (
			);
			name = RaiseMan;
			productName = RaiseMan;
			productReference = A1A650181BAF22E000E97172 /* RaiseMan.app */;
			productType = "com.apple.product-type.application";
		};
/* End PBXNativeTarget section */

/* Begin PBXProject section */
		A1A650101BAF22DF00E97172 /* Project object */ = {
			isa = PBXProject;
			attributes = {
				LastUpgradeCheck = 0700;
				ORGANIZATIONNAME = "Leonardo Faoro";
				TargetAttributes = {
					A1A650171BAF22DF00E97172 = {
						CreatedOnToolsVersion = 7.0;
					};
				};
			};
			buildConfigurationList = A1A650131BAF22DF00E97172 /* Build configuration list for PBXProject "RaiseMan" */;
			compatibilityVersion = "Xcode 3.2";
			developmentRegion = English;
			hasScannedForEncodings = 0;
			knownRegions = (
				en,
				Base,
			);
			mainGroup = A1A6500F1BAF22DF00E97172;
			productRefGroup = A1A650191BAF22E000E97172 /* Products */;
			projectDirPath = "";
			projectRoot = "";
			targets = (
				A1A650171BAF22DF00E97172 /* RaiseMan */,
			);
		};
/* End PBXProject section */

/* Begin PBXResourcesBuildPhase section */
		A1A650161BAF22DF00E97172 /* Resources */ = {
			isa = PBXResourcesBuildPhase;
			buildActionMask = 2147483647;
			files = (
				A1A650231BAF22E000E97172 /* Assets.xcassets in Resources */,
				A1A650211BAF22E000E97172 /* Document.xib in Resources */,
				A1A650261BAF22E000E97172 /* MainMenu.xib in Resources */,
			);
			runOnlyForDeploymentPostprocessing = 0;
		};
/* End PBXResourcesBuildPhase section */

/* Begin PBXSourcesBuildPhase section */
		A1A650141BAF22DF00E97172 /* Sources */ = {
			isa = PBXSourcesBuildPhase;
			buildActionMask = 2147483647;
			files = (
				A1A6501E1BAF22E000E97172 /* Document.swift in Sources */,
				A1A6502E1BAF236900E97172 /* Employee.swift in Sources */,
				A1A6501C1BAF22E000E97172 /* AppDelegate.swift in Sources */,
			);
			runOnlyForDeploymentPostprocessing = 0;
		};
/* End PBXSourcesBuildPhase section */

/* Begin PBXVariantGroup section */
		A1A6501F1BAF22E000E97172 /* Document.xib */ = {
			isa = PBXVariantGroup;
			children = (
				A1A650201BAF22E000E97172 /* Base */,
			);
			name = Document.xib;
			sourceTree = "<group>";
		};
		A1A650241BAF22E000E97172 /* MainMenu.xib */ = {
			isa = PBXVariantGroup;
			children = (
				A1A650251BAF22E000E97172 /* Base */,
			);
			name = MainMenu.xib;
			sourceTree = "<group>";
		};
/* End PBXVariantGroup section */

/* Begin XCBuildConfiguration section */
		A1A650281BAF22E000E97172 /* Debug */ = {
			isa = XCBuildConfiguration;
			buildSettings = {
				ALWAYS_SEARCH_USER_PATHS = NO;
				CLANG_CXX_LANGUAGE_STANDARD = "gnu++0x";
				CLANG_CXX_LIBRARY = "libc++";
				CLANG_ENABLE_MODULES = YES;
				CLANG_ENABLE_OBJC_ARC = YES;
				CLANG_WARN_BOOL_CONVERSION = YES;
				CLANG_WARN_CONSTANT_CONVERSION = YES;
				CLANG_WARN_DIRECT_OBJC_ISA_USAGE = YES_ERROR;
				CLANG_WARN_EMPTY_BODY = YES;
				CLANG_WARN_ENUM_CONVERSION = YES;
				CLANG_WARN_INT_CONVERSION = YES;
				CLANG_WARN_OBJC_ROOT_CLASS = YES_ERROR;
				CLANG_WARN_UNREACHABLE_CODE = YES;
				CLANG_WARN__DUPLICATE_METHOD_MATCH = YES;
				CODE_SIGN_IDENTITY = "-";
				COPY_PHASE_STRIP = NO;
				DEBUG_INFORMATION_FORMAT = dwarf;
				ENABLE_STRICT_OBJC_MSGSEND = YES;
				ENABLE_TESTABILITY = YES;
				GCC_C_LANGUAGE_STANDARD = gnu99;
				GCC_DYNAMIC_NO_PIC = NO;
				GCC_NO_COMMON_BLOCKS = YES;
				GCC_OPTIMIZATION_LEVEL = 0;
				GCC_PREPROCESSOR_DEFINITIONS = (
					"DEBUG=1",
					"$(inherited)",
				);
				GCC_WARN_64_TO_32_BIT_CONVERSION = YES;
				GCC_WARN_ABOUT_RETURN_TYPE = YES_ERROR;
				GCC_WARN_UNDECLARED_SELECTOR = YES;
				GCC_WARN_UNINITIALIZED_AUTOS = YES_AGGRESSIVE;
				GCC_WARN_UNUSED_FUNCTION = YES;
				GCC_WARN_UNUSED_VARIABLE = YES;
				MACOSX_DEPLOYMENT_TARGET = 10.11;
				MTL_ENABLE_DEBUG_INFO = YES;
				ONLY_ACTIVE_ARCH = YES;
				SDKROOT = macosx;
				SWIFT_OPTIMIZATION_LEVEL = "-Onone";
			};
			name = Debug;
		};
		A1A650291BAF22E000E97172 /* Release */ = {
			isa = XCBuildConfiguration;
			buildSettings = {
				ALWAYS_SEARCH_USER_PATHS = NO;
				CLANG_CXX_LANGUAGE_STANDARD = "gnu++0x";
				CLANG_CXX_LIBRARY = "libc++";
				CLANG_ENABLE_MODULES = YES;
				CLANG_ENABLE_OBJC_ARC = YES;
				CLANG_WARN_BOOL_CONVERSION = YES;
				CLANG_WARN_CONSTANT_CONVERSION = YES;
				CLANG_WARN_DIRECT_OBJC_ISA_USAGE = YES_ERROR;
				CLANG_WARN_EMPTY_BODY = YES;
				CLANG_WARN_ENUM_CONVERSION = YES;
				CLANG_WARN_INT_CONVERSION = YES;
				CLANG_WARN_OBJC_ROOT_CLASS = YES_ERROR;
				CLANG_WARN_UNREACHABLE_CODE = YES;
				CLANG_WARN__DUPLICATE_METHOD_MATCH = YES;
				CODE_SIGN_IDENTITY = "-";
				COPY_PHASE_STRIP = NO;
				DEBUG_INFORMATION_FORMAT = "dwarf-with-dsym";
				ENABLE_NS_ASSERTIONS = NO;
				ENABLE_STRICT_OBJC_MSGSEND = YES;
				GCC_C_LANGUAGE_STANDARD = gnu99;
				GCC_NO_COMMON_BLOCKS = YES;
				GCC_WARN_64_TO_32_BIT_CONVERSION = YES;
				GCC_WARN_ABOUT_RETURN_TYPE = YES_ERROR;
				GCC_WARN_UNDECLARED_SELECTOR = YES;
				GCC_WARN_UNINITIALIZED_AUTOS = YES_AGGRESSIVE;
				GCC_WARN_UNUSED_FUNCTION = YES;
				GCC_WARN_UNUSED_VARIABLE = YES;
				MACOSX_DEPLOYMENT_TARGET = 10.11;
				MTL_ENABLE_DEBUG_INFO = NO;
				SDKROOT = macosx;
			};
			name = Release;
		};
		A1A6502B1BAF22E000E97172 /* Debug */ = {
			isa = XCBuildConfiguration;
			buildSettings = {
				ASSETCATALOG_COMPILER_APPICON_NAME = AppIcon;
				COMBINE_HIDPI_IMAGES = YES;
				INFOPLIST_FILE = RaiseMan/Info.plist;
				LD_RUNPATH_SEARCH_PATHS = "$(inherited) @executable_path/../Frameworks";
				PRODUCT_BUNDLE_IDENTIFIER = com.lfaoro.RaiseMan;
				PRODUCT_NAME = "$(TARGET_NAME)";
			};
			name = Debug;
		};
		A1A6502C1BAF22E000E97172 /* Release */ = {
			isa = XCBuildConfiguration;
			buildSettings = {
				ASSETCATALOG_COMPILER_APPICON_NAME = AppIcon;
				COMBINE_HIDPI_IMAGES = YES;
				INFOPLIST_FILE = RaiseMan/Info.plist;
				LD_RUNPATH_SEARCH_PATHS = "$(inherited) @executable_path/../Frameworks";
				PRODUCT_BUNDLE_IDENTIFIER = com.lfaoro.RaiseMan;
				PRODUCT_NAME = "$(TARGET_NAME)";
			};
			name = Release;
		};
/* End XCBuildConfiguration section */

/* Begin XCConfigurationList section */
		A1A650131BAF22DF00E97172 /* Build configuration list for PBXProject "RaiseMan" */ = {
			isa = XCConfigurationList;
			buildConfigurations = (
				A1A650281BAF22E000E97172 /* Debug */,
				A1A650291BAF22E000E97172 /* Release */,
			);
			defaultConfigurationIsVisible = 0;
			defaultConfigurationName = Release;
		};
		A1A6502A1BAF22E000E97172 /* Build configuration list for PBXNativeTarget "RaiseMan" */ = {
			isa = XCConfigurationList;
			buildConfigurations = (
				A1A6502B1BAF22E000E97172 /* Debug */,
				A1A6502C1BAF22E000E97172 /* Release */,
			);
			defaultConfigurationIsVisible = 0;
		};
/* End XCConfigurationList section */
	};
	rootObject = A1A650101BAF22DF00E97172 /* Project object */;
}
