// !$*UTF8*$!
{
	archiveVersion = 1;
	classes = {
	};
	objectVersion = 46;
	objects = {

/* Begin PBXBuildFile section */
		A13B14D21B9C66F60027E10A /* AppDelegate.swift in Sources */ = {isa = PBXBuildFile; fileRef = A13B14D11B9C66F60027E10A /* AppDelegate.swift */; };
		A13B14D41B9C66F60027E10A /* Assets.xcassets in Resources */ = {isa = PBXBuildFile; fileRef = A13B14D31B9C66F60027E10A /* Assets.xcassets */; };
		A13B14D71B9C66F60027E10A /* MainMenu.xib in Resources */ = {isa = PBXBuildFile; fileRef = A13B14D51B9C66F60027E10A /* MainMenu.xib */; };
		A13B14E01B9C671B0027E10A /* MainWindowController.swift in Sources */ = {isa = PBXBuildFile; fileRef = A13B14DE1B9C671B0027E10A /* MainWindowController.swift */; settings = {ASSET_TAGS = (); }; };
		A13B14E11B9C671B0027E10A /* MainWindowController.xib in Resources */ = {isa = PBXBuildFile; fileRef = A13B14DF1B9C671B0027E10A /* MainWindowController.xib */; settings = {ASSET_TAGS = (); }; };
/* End PBXBuildFile section */

/* Begin PBXFileReference section */
		A13B14CE1B9C66F60027E10A /* SeakLine.app */ = {isa = PBXFileReference; explicitFileType = wrapper.application; includeInIndex = 0; path = SeakLine.app; sourceTree = BUILT_PRODUCTS_DIR; };
		A13B14D11B9C66F60027E10A /* AppDelegate.swift */ = {isa = PBXFileReference; lastKnownFileType = sourcecode.swift; path = AppDelegate.swift; sourceTree = "<group>"; };
		A13B14D31B9C66F60027E10A /* Assets.xcassets */ = {isa = PBXFileReference; lastKnownFileType = folder.assetcatalog; path = Assets.xcassets; sourceTree = "<group>"; };
		A13B14D61B9C66F60027E10A /* Base */ = {isa = PBXFileReference; lastKnownFileType = file.xib; name = Base; path = Base.lproj/MainMenu.xib; sourceTree = "<group>"; };
		A13B14D81B9C66F60027E10A /* Info.plist */ = {isa = PBXFileReference; lastKnownFileType = text.plist.xml; path = Info.plist; sourceTree = "<group>"; };
		A13B14DE1B9C671B0027E10A /* MainWindowController.swift */ = {isa = PBXFileReference; fileEncoding = 4; lastKnownFileType = sourcecode.swift; path = MainWindowController.swift; sourceTree = "<group>"; };
		A13B14DF1B9C671B0027E10A /* MainWindowController.xib */ = {isa = PBXFileReference; fileEncoding = 4; lastKnownFileType = file.xib; path = MainWindowController.xib; sourceTree = "<group>"; };
/* End PBXFileReference section */

/* Begin PBXFrameworksBuildPhase section */
		A13B14CB1B9C66F60027E10A /* Frameworks */ = {
			isa = PBXFrameworksBuildPhase;
			buildActionMask = 2147483647;
			files = (
			);
			runOnlyForDeploymentPostprocessing = 0;
		};
/* End PBXFrameworksBuildPhase section */

/* Begin PBXGroup section */
		A13B14C51B9C66F60027E10A = {
			isa = PBXGroup;
			children = (
				A13B14D01B9C66F60027E10A /* SeakLine */,
				A13B14CF1B9C66F60027E10A /* Products */,
			);
			sourceTree = "<group>";
		};
		A13B14CF1B9C66F60027E10A /* Products */ = {
			isa = PBXGroup;
			children = (
				A13B14CE1B9C66F60027E10A /* SeakLine.app */,
			);
			name = Products;
			sourceTree = "<group>";
		};
		A13B14D01B9C66F60027E10A /* SeakLine */ = {
			isa = PBXGroup;
			children = (
				A13B14D11B9C66F60027E10A /* AppDelegate.swift */,
				A13B14D31B9C66F60027E10A /* Assets.xcassets */,
				A13B14D51B9C66F60027E10A /* MainMenu.xib */,
				A13B14DE1B9C671B0027E10A /* MainWindowController.swift */,
				A13B14DF1B9C671B0027E10A /* MainWindowController.xib */,
				A13B14D81B9C66F60027E10A /* Info.plist */,
			);
			path = SeakLine;
			sourceTree = "<group>";
		};
/* End PBXGroup section */

/* Begin PBXNativeTarget section */
		A13B14CD1B9C66F60027E10A /* SeakLine */ = {
			isa = PBXNativeTarget;
			buildConfigurationList = A13B14DB1B9C66F60027E10A /* Build configuration list for PBXNativeTarget "SeakLine" */;
			buildPhases = (
				A13B14CA1B9C66F60027E10A /* Sources */,
				A13B14CB1B9C66F60027E10A /* Frameworks */,
				A13B14CC1B9C66F60027E10A /* Resources */,
			);
			buildRules = (
			);
			dependencies = (
			);
			name = SeakLine;
			productName = SeakLine;
			productReference = A13B14CE1B9C66F60027E10A /* SeakLine.app */;
			productType = "com.apple.product-type.application";
		};
/* End PBXNativeTarget section */

/* Begin PBXProject section */
		A13B14C61B9C66F60027E10A /* Project object */ = {
			isa = PBXProject;
			attributes = {
				LastUpgradeCheck = 0700;
				ORGANIZATIONNAME = "Leonardo Faoro";
				TargetAttributes = {
					A13B14CD1B9C66F60027E10A = {
						CreatedOnToolsVersion = 7.0;
					};
				};
			};
			buildConfigurationList = A13B14C91B9C66F60027E10A /* Build configuration list for PBXProject "SeakLine" */;
			compatibilityVersion = "Xcode 3.2";
			developmentRegion = English;
			hasScannedForEncodings = 0;
			knownRegions = (
				en,
				Base,
			);
			mainGroup = A13B14C51B9C66F60027E10A;
			productRefGroup = A13B14CF1B9C66F60027E10A /* Products */;
			projectDirPath = "";
			projectRoot = "";
			targets = (
				A13B14CD1B9C66F60027E10A /* SeakLine */,
			);
		};
/* End PBXProject section */

/* Begin PBXResourcesBuildPhase section */
		A13B14CC1B9C66F60027E10A /* Resources */ = {
			isa = PBXResourcesBuildPhase;
			buildActionMask = 2147483647;
			files = (
				A13B14D41B9C66F60027E10A /* Assets.xcassets in Resources */,
				A13B14E11B9C671B0027E10A /* MainWindowController.xib in Resources */,
				A13B14D71B9C66F60027E10A /* MainMenu.xib in Resources */,
			);
			runOnlyForDeploymentPostprocessing = 0;
		};
/* End PBXResourcesBuildPhase section */

/* Begin PBXSourcesBuildPhase section */
		A13B14CA1B9C66F60027E10A /* Sources */ = {
			isa = PBXSourcesBuildPhase;
			buildActionMask = 2147483647;
			files = (
				A13B14E01B9C671B0027E10A /* MainWindowController.swift in Sources */,
				A13B14D21B9C66F60027E10A /* AppDelegate.swift in Sources */,
			);
			runOnlyForDeploymentPostprocessing = 0;
		};
/* End PBXSourcesBuildPhase section */

/* Begin PBXVariantGroup section */
		A13B14D51B9C66F60027E10A /* MainMenu.xib */ = {
			isa = PBXVariantGroup;
			children = (
				A13B14D61B9C66F60027E10A /* Base */,
			);
			name = MainMenu.xib;
			sourceTree = "<group>";
		};
/* End PBXVariantGroup section */

/* Begin XCBuildConfiguration section */
		A13B14D91B9C66F60027E10A /* Debug */ = {
			isa = XCBuildConfiguration;
			buildSettings = {
				ALWAYS_SEARCH_USER_PATHS = NO;
				CLANG_CXX_LANGUAGE_STANDARD = "gnu++0x";
				CLANG_CXX_LIBRARY = "libc++";
				CLANG_ENABLE_MODULES = YES;
				CLANG_ENABLE_OBJC_ARC = YES;
				CLANG_WARN_BOOL_CONVERSION = YES;
				CLANG_WARN_CONSTANT_CONVERSION = YES;
				CLANG_WARN_DIRECT_OBJC_ISA_USAGE = YES_ERROR;
				CLANG_WARN_EMPTY_BODY = YES;
				CLANG_WARN_ENUM_CONVERSION = YES;
				CLANG_WARN_INT_CONVERSION = YES;
				CLANG_WARN_OBJC_ROOT_CLASS = YES_ERROR;
				CLANG_WARN_UNREACHABLE_CODE = YES;
				CLANG_WARN__DUPLICATE_METHOD_MATCH = YES;
				CODE_SIGN_IDENTITY = "-";
				COPY_PHASE_STRIP = NO;
				DEBUG_INFORMATION_FORMAT = dwarf;
				ENABLE_STRICT_OBJC_MSGSEND = YES;
				ENABLE_TESTABILITY = YES;
				GCC_C_LANGUAGE_STANDARD = gnu99;
				GCC_DYNAMIC_NO_PIC = NO;
				GCC_NO_COMMON_BLOCKS = YES;
				GCC_OPTIMIZATION_LEVEL = 0;
				GCC_PREPROCESSOR_DEFINITIONS = (
					"DEBUG=1",
					"$(inherited)",
				);
				GCC_WARN_64_TO_32_BIT_CONVERSION = YES;
				GCC_WARN_ABOUT_RETURN_TYPE = YES_ERROR;
				GCC_WARN_UNDECLARED_SELECTOR = YES;
				GCC_WARN_UNINITIALIZED_AUTOS = YES_AGGRESSIVE;
				GCC_WARN_UNUSED_FUNCTION = YES;
				GCC_WARN_UNUSED_VARIABLE = YES;
				MACOSX_DEPLOYMENT_TARGET = 10.11;
				MTL_ENABLE_DEBUG_INFO = YES;
				ONLY_ACTIVE_ARCH = YES;
				SDKROOT = macosx;
				SWIFT_OPTIMIZATION_LEVEL = "-Onone";
			};
			name = Debug;
		};
		A13B14DA1B9C66F60027E10A /* Release */ = {
			isa = XCBuildConfiguration;
			buildSettings = {
				ALWAYS_SEARCH_USER_PATHS = NO;
				CLANG_CXX_LANGUAGE_STANDARD = "gnu++0x";
				CLANG_CXX_LIBRARY = "libc++";
				CLANG_ENABLE_MODULES = YES;
				CLANG_ENABLE_OBJC_ARC = YES;
				CLANG_WARN_BOOL_CONVERSION = YES;
				CLANG_WARN_CONSTANT_CONVERSION = YES;
				CLANG_WARN_DIRECT_OBJC_ISA_USAGE = YES_ERROR;
				CLANG_WARN_EMPTY_BODY = YES;
				CLANG_WARN_ENUM_CONVERSION = YES;
				CLANG_WARN_INT_CONVERSION = YES;
				CLANG_WARN_OBJC_ROOT_CLASS = YES_ERROR;
				CLANG_WARN_UNREACHABLE_CODE = YES;
				CLANG_WARN__DUPLICATE_METHOD_MATCH = YES;
				CODE_SIGN_IDENTITY = "-";
				COPY_PHASE_STRIP = NO;
				DEBUG_INFORMATION_FORMAT = "dwarf-with-dsym";
				ENABLE_NS_ASSERTIONS = NO;
				ENABLE_STRICT_OBJC_MSGSEND = YES;
				GCC_C_LANGUAGE_STANDARD = gnu99;
				GCC_NO_COMMON_BLOCKS = YES;
				GCC_WARN_64_TO_32_BIT_CONVERSION = YES;
				GCC_WARN_ABOUT_RETURN_TYPE = YES_ERROR;
				GCC_WARN_UNDECLARED_SELECTOR = YES;
				GCC_WARN_UNINITIALIZED_AUTOS = YES_AGGRESSIVE;
				GCC_WARN_UNUSED_FUNCTION = YES;
				GCC_WARN_UNUSED_VARIABLE = YES;
				MACOSX_DEPLOYMENT_TARGET = 10.11;
				MTL_ENABLE_DEBUG_INFO = NO;
				SDKROOT = macosx;
			};
			name = Release;
		};
		A13B14DC1B9C66F60027E10A /* Debug */ = {
			isa = XCBuildConfiguration;
			buildSettings = {
				ASSETCATALOG_COMPILER_APPICON_NAME = AppIcon;
				COMBINE_HIDPI_IMAGES = YES;
				INFOPLIST_FILE = SeakLine/Info.plist;
				LD_RUNPATH_SEARCH_PATHS = "$(inherited) @executable_path/../Frameworks";
				MACOSX_DEPLOYMENT_TARGET = 10.10;
				PRODUCT_BUNDLE_IDENTIFIER = com.lfaoro.SeakLine;
				PRODUCT_NAME = "$(TARGET_NAME)";
			};
			name = Debug;
		};
		A13B14DD1B9C66F60027E10A /* Release */ = {
			isa = XCBuildConfiguration;
			buildSettings = {
				ASSETCATALOG_COMPILER_APPICON_NAME = AppIcon;
				COMBINE_HIDPI_IMAGES = YES;
				INFOPLIST_FILE = SeakLine/Info.plist;
				LD_RUNPATH_SEARCH_PATHS = "$(inherited) @executable_path/../Frameworks";
				MACOSX_DEPLOYMENT_TARGET = 10.10;
				PRODUCT_BUNDLE_IDENTIFIER = com.lfaoro.SeakLine;
				PRODUCT_NAME = "$(TARGET_NAME)";
			};
			name = Release;
		};
/* End XCBuildConfiguration section */

/* Begin XCConfigurationList section */
		A13B14C91B9C66F60027E10A /* Build configuration list for PBXProject "SeakLine" */ = {
			isa = XCConfigurationList;
			buildConfigurations = (
				A13B14D91B9C66F60027E10A /* Debug */,
				A13B14DA1B9C66F60027E10A /* Release */,
			);
			defaultConfigurationIsVisible = 0;
			defaultConfigurationName = Release;
		};
		A13B14DB1B9C66F60027E10A /* Build configuration list for PBXNativeTarget "SeakLine" */ = {
			isa = XCConfigurationList;
			buildConfigurations = (
				A13B14DC1B9C66F60027E10A /* Debug */,
				A13B14DD1B9C66F60027E10A /* Release */,
			);
			defaultConfigurationIsVisible = 0;
			defaultConfigurationName = Release;
		};
/* End XCConfigurationList section */
	};
	rootObject = A13B14C61B9C66F60027E10A /* Project object */;
}
